
Microsoft Visual Studio Solution File, Format Version 12.00
# Visual Studio Version 16
VisualStudioVersion = 16.0.29025.244
MinimumVisualStudioVersion = 10.0.40219.1
Project("{9A19103F-16F7-4668-BE54-9A1E7A4F7556}") = "TrainingApp", "TrainingApp\TrainingApp.csproj", "{129E2520-06BD-4F82-B684-976EA7C3FA55}"
EndProject
Project("{9A19103F-16F7-4668-BE54-9A1E7A4F7556}") = "TrainingApp.Domain", "TrainingApp.Domain\TrainingApp.Domain.csproj", "{58CDDE4A-7299-4D26-98F0-7B31046BDDD5}"
EndProject
Project("{9A19103F-16F7-4668-BE54-9A1E7A4F7556}") = "TrainingApp.Infrastructure", "TrainingApp.Infrastructure\TrainingApp.Infrastructure.csproj", "{EC33C26A-7E11-45A7-81A8-C172753303D4}"
EndProject
Project("{FAE04EC0-301F-11D3-BF4B-00C04F79EFBC}") = "TrainingApp.UnitTest", "TrainingApp.UnitTest\TrainingApp.UnitTest.csproj", "{615A4A8D-721F-4F9C-99EB-ECE6C61EE48C}"
EndProject
Global
	GlobalSection(SolutionConfigurationPlatforms) = preSolution
		Debug|Any CPU = Debug|Any CPU
		Release|Any CPU = Release|Any CPU
	EndGlobalSection
	GlobalSection(ProjectConfigurationPlatforms) = postSolution
		{129E2520-06BD-4F82-B684-976EA7C3FA55}.Debug|Any CPU.ActiveCfg = Debug|Any CPU
		{129E2520-06BD-4F82-B684-976EA7C3FA55}.Debug|Any CPU.Build.0 = Debug|Any CPU
		{129E2520-06BD-4F82-B684-976EA7C3FA55}.Release|Any CPU.ActiveCfg = Release|Any CPU
		{129E2520-06BD-4F82-B684-976EA7C3FA55}.Release|Any CPU.Build.0 = Release|Any CPU
		{58CDDE4A-7299-4D26-98F0-7B31046BDDD5}.Debug|Any CPU.ActiveCfg = Debug|Any CPU
		{58CDDE4A-7299-4D26-98F0-7B31046BDDD5}.Debug|Any CPU.Build.0 = Debug|Any CPU
		{58CDDE4A-7299-4D26-98F0-7B31046BDDD5}.Release|Any CPU.ActiveCfg = Release|Any CPU
		{58CDDE4A-7299-4D26-98F0-7B31046BDDD5}.Release|Any CPU.Build.0 = Release|Any CPU
		{EC33C26A-7E11-45A7-81A8-C172753303D4}.Debug|Any CPU.ActiveCfg = Debug|Any CPU
		{EC33C26A-7E11-45A7-81A8-C172753303D4}.Debug|Any CPU.Build.0 = Debug|Any CPU
		{EC33C26A-7E11-45A7-81A8-C172753303D4}.Release|Any CPU.ActiveCfg = Release|Any CPU
		{EC33C26A-7E11-45A7-81A8-C172753303D4}.Release|Any CPU.Build.0 = Release|Any CPU
		{615A4A8D-721F-4F9C-99EB-ECE6C61EE48C}.Debug|Any CPU.ActiveCfg = Debug|Any CPU
		{615A4A8D-721F-4F9C-99EB-ECE6C61EE48C}.Debug|Any CPU.Build.0 = Debug|Any CPU
		{615A4A8D-721F-4F9C-99EB-ECE6C61EE48C}.Release|Any CPU.ActiveCfg = Release|Any CPU
		{615A4A8D-721F-4F9C-99EB-ECE6C61EE48C}.Release|Any CPU.Build.0 = Release|Any CPU
	EndGlobalSection
	GlobalSection(SolutionProperties) = preSolution
		HideSolutionNode = FALSE
	EndGlobalSection
	GlobalSection(ExtensibilityGlobals) = postSolution
		SolutionGuid = {A5FB8F35-1F0B-4541-B4C8-5DBE2119C120}
	EndGlobalSection
EndGlobal
